dependencies:
  espressif/mdns:
    component_hash: 459eef3d6fc4a224c7fdac2943233daa67e2c6588459177cb2414af586fb8700
    dependencies:
    - name: idf
      require: private
      version: '>=5.0'
    source:
      registry_url: https://components.espressif.com/
      type: service
    version: 1.13.0
  idf:
    source:
      type: idf
    version: 5.5.2
direct_dependencies:
- espressif/mdns
- idf
manifest_hash: 6580b098980a47dbf9bcc16fd25bad07181e4584ddee8b2612d38637e6d1aff4
target: esp32
version: 2.0.0
